// !$*UTF8*$!
{
	archiveVersion = 1;
	classes = {
	};
	objectVersion = 46;
	objects = {

/* Begin PBXBuildFile section */
		FCCD6254189B7B54003DC987 /* Foundation.framework in Frameworks */ = {isa = PBXBuildFile; fileRef = FCCD6253189B7B54003DC987 /* Foundation.framework */; };
		FCCD6256189B7B54003DC987 /* CoreGraphics.framework in Frameworks */ = {isa = PBXBuildFile; fileRef = FCCD6255189B7B54003DC987 /* CoreGraphics.framework */; };
		FCCD6258189B7B54003DC987 /* UIKit.framework in Frameworks */ = {isa = PBXBuildFile; fileRef = FCCD6257189B7B54003DC987 /* UIKit.framework */; };
		FCCD625E189B7B54003DC987 /* InfoPlist.strings in Resources */ = {isa = PBXBuildFile; fileRef = FCCD625C189B7B54003DC987 /* InfoPlist.strings */; };
		FCCD6260189B7B54003DC987 /* main.m in Sources */ = {isa = PBXBuildFile; fileRef = FCCD625F189B7B54003DC987 /* main.m */; };
		FCCD6264189B7B54003DC987 /* cwAppDelegate.m in Sources */ = {isa = PBXBuildFile; fileRef = FCCD6263189B7B54003DC987 /* cwAppDelegate.m */; };
		FCCD6266189B7B54003DC987 /* Images.xcassets in Resources */ = {isa = PBXBuildFile; fileRef = FCCD6265189B7B54003DC987 /* Images.xcassets */; };
		FCCD626D189B7B54003DC987 /* XCTest.framework in Frameworks */ = {isa = PBXBuildFile; fileRef = FCCD626C189B7B54003DC987 /* XCTest.framework */; };
		FCCD626E189B7B54003DC987 /* Foundation.framework in Frameworks */ = {isa = PBXBuildFile; fileRef = FCCD6253189B7B54003DC987 /* Foundation.framework */; };
		FCCD626F189B7B54003DC987 /* UIKit.framework in Frameworks */ = {isa = PBXBuildFile; fileRef = FCCD6257189B7B54003DC987 /* UIKit.framework */; };
		FCCD6277189B7B54003DC987 /* InfoPlist.strings in Resources */ = {isa = PBXBuildFile; fileRef = FCCD6275189B7B54003DC987 /* InfoPlist.strings */; };
		FCCD6279189B7B54003DC987 /* NSDictionary_JSONPointerTests.m in Sources */ = {isa = PBXBuildFile; fileRef = FCCD6278189B7B54003DC987 /* NSDictionary_JSONPointerTests.m */; };
/* End PBXBuildFile section */

/* Begin PBXContainerItemProxy section */
		FCCD6270189B7B54003DC987 /* PBXContainerItemProxy */ = {
			isa = PBXContainerItemProxy;
			containerPortal = FCCD6248189B7B54003DC987 /* Project object */;
			proxyType = 1;
			remoteGlobalIDString = FCCD624F189B7B54003DC987;
			remoteInfo = "NSDictionary+JSONPointer";
		};
/* End PBXContainerItemProxy section */

/* Begin PBXFileReference section */
		FCCD6250189B7B54003DC987 /* NSDictionary+JSONPointer.app */ = {isa = PBXFileReference; explicitFileType = wrapper.application; includeInIndex = 0; path = "NSDictionary+JSONPointer.app"; sourceTree = BUILT_PRODUCTS_DIR; };
		FCCD6253189B7B54003DC987 /* Foundation.framework */ = {isa = PBXFileReference; lastKnownFileType = wrapper.framework; name = Foundation.framework; path = System/Library/Frameworks/Foundation.framework; sourceTree = SDKROOT; };
		FCCD6255189B7B54003DC987 /* CoreGraphics.framework */ = {isa = PBXFileReference; lastKnownFileType = wrapper.framework; name = CoreGraphics.framework; path = System/Library/Frameworks/CoreGraphics.framework; sourceTree = SDKROOT; };
		FCCD6257189B7B54003DC987 /* UIKit.framework */ = {isa = PBXFileReference; lastKnownFileType = wrapper.framework; name = UIKit.framework; path = System/Library/Frameworks/UIKit.framework; sourceTree = SDKROOT; };
		FCCD625B189B7B54003DC987 /* NSDictionary+JSONPointer-Info.plist */ = {isa = PBXFileReference; lastKnownFileType = text.plist.xml; path = "NSDictionary+JSONPointer-Info.plist"; sourceTree = "<group>"; };
		FCCD625D189B7B54003DC987 /* en */ = {isa = PBXFileReference; lastKnownFileType = text.plist.strings; name = en; path = en.lproj/InfoPlist.strings; sourceTree = "<group>"; };
		FCCD625F189B7B54003DC987 /* main.m */ = {isa = PBXFileReference; lastKnownFileType = sourcecode.c.objc; path = main.m; sourceTree = "<group>"; };
		FCCD6261189B7B54003DC987 /* NSDictionary+JSONPointer-Prefix.pch */ = {isa = PBXFileReference; lastKnownFileType = sourcecode.c.h; path = "NSDictionary+JSONPointer-Prefix.pch"; sourceTree = "<group>"; };
		FCCD6262189B7B54003DC987 /* cwAppDelegate.h */ = {isa = PBXFileReference; lastKnownFileType = sourcecode.c.h; path = cwAppDelegate.h; sourceTree = "<group>"; };
		FCCD6263189B7B54003DC987 /* cwAppDelegate.m */ = {isa = PBXFileReference; lastKnownFileType = sourcecode.c.objc; path = cwAppDelegate.m; sourceTree = "<group>"; };
		FCCD6265189B7B54003DC987 /* Images.xcassets */ = {isa = PBXFileReference; lastKnownFileType = folder.assetcatalog; path = Images.xcassets; sourceTree = "<group>"; };
		FCCD626B189B7B54003DC987 /* NSDictionary+JSONPointerTests.xctest */ = {isa = PBXFileReference; explicitFileType = wrapper.cfbundle; includeInIndex = 0; path = "NSDictionary+JSONPointerTests.xctest"; sourceTree = BUILT_PRODUCTS_DIR; };
		FCCD626C189B7B54003DC987 /* XCTest.framework */ = {isa = PBXFileReference; lastKnownFileType = wrapper.framework; name = XCTest.framework; path = Library/Frameworks/XCTest.framework; sourceTree = DEVELOPER_DIR; };
		FCCD6274189B7B54003DC987 /* NSDictionary+JSONPointerTests-Info.plist */ = {isa = PBXFileReference; lastKnownFileType = text.plist.xml; path = "NSDictionary+JSONPointerTests-Info.plist"; sourceTree = "<group>"; };
		FCCD6276189B7B54003DC987 /* en */ = {isa = PBXFileReference; lastKnownFileType = text.plist.strings; name = en; path = en.lproj/InfoPlist.strings; sourceTree = "<group>"; };
		FCCD6278189B7B54003DC987 /* NSDictionary_JSONPointerTests.m */ = {isa = PBXFileReference; lastKnownFileType = sourcecode.c.objc; path = NSDictionary_JSONPointerTests.m; sourceTree = "<group>"; };
/* End PBXFileReference section */

/* Begin PBXFrameworksBuildPhase section */
		FCCD624D189B7B54003DC987 /* Frameworks */ = {
			isa = PBXFrameworksBuildPhase;
			buildActionMask = 2147483647;
			files = (
				FCCD6256189B7B54003DC987 /* CoreGraphics.framework in Frameworks */,
				FCCD6258189B7B54003DC987 /* UIKit.framework in Frameworks */,
				FCCD6254189B7B54003DC987 /* Foundation.framework in Frameworks */,
			);
			runOnlyForDeploymentPostprocessing = 0;
		};
		FCCD6268189B7B54003DC987 /* Frameworks */ = {
			isa = PBXFrameworksBuildPhase;
			buildActionMask = 2147483647;
			files = (
				FCCD626D189B7B54003DC987 /* XCTest.framework in Frameworks */,
				FCCD626F189B7B54003DC987 /* UIKit.framework in Frameworks */,
				FCCD626E189B7B54003DC987 /* Foundation.framework in Frameworks */,
			);
			runOnlyForDeploymentPostprocessing = 0;
		};
/* End PBXFrameworksBuildPhase section */

/* Begin PBXGroup section */
		FCCD6247189B7B54003DC987 = {
			isa = PBXGroup;
			children = (
				FCCD6259189B7B54003DC987 /* NSDictionary+JSONPointer */,
				FCCD6272189B7B54003DC987 /* NSDictionary+JSONPointerTests */,
				FCCD6252189B7B54003DC987 /* Frameworks */,
				FCCD6251189B7B54003DC987 /* Products */,
			);
			sourceTree = "<group>";
		};
		FCCD6251189B7B54003DC987 /* Products */ = {
			isa = PBXGroup;
			children = (
				FCCD6250189B7B54003DC987 /* NSDictionary+JSONPointer.app */,
				FCCD626B189B7B54003DC987 /* NSDictionary+JSONPointerTests.xctest */,
			);
			name = Products;
			sourceTree = "<group>";
		};
		FCCD6252189B7B54003DC987 /* Frameworks */ = {
			isa = PBXGroup;
			children = (
				FCCD6253189B7B54003DC987 /* Foundation.framework */,
				FCCD6255189B7B54003DC987 /* CoreGraphics.framework */,
				FCCD6257189B7B54003DC987 /* UIKit.framework */,
				FCCD626C189B7B54003DC987 /* XCTest.framework */,
			);
			name = Frameworks;
			sourceTree = "<group>";
		};
		FCCD6259189B7B54003DC987 /* NSDictionary+JSONPointer */ = {
			isa = PBXGroup;
			children = (
				FCCD6262189B7B54003DC987 /* cwAppDelegate.h */,
				FCCD6263189B7B54003DC987 /* cwAppDelegate.m */,
				FCCD6265189B7B54003DC987 /* Images.xcassets */,
				FCCD625A189B7B54003DC987 /* Supporting Files */,
			);
			path = "NSDictionary+JSONPointer";
			sourceTree = "<group>";
		};
		FCCD625A189B7B54003DC987 /* Supporting Files */ = {
			isa = PBXGroup;
			children = (
				FCCD625B189B7B54003DC987 /* NSDictionary+JSONPointer-Info.plist */,
				FCCD625C189B7B54003DC987 /* InfoPlist.strings */,
				FCCD625F189B7B54003DC987 /* main.m */,
				FCCD6261189B7B54003DC987 /* NSDictionary+JSONPointer-Prefix.pch */,
			);
			name = "Supporting Files";
			sourceTree = "<group>";
		};
		FCCD6272189B7B54003DC987 /* NSDictionary+JSONPointerTests */ = {
			isa = PBXGroup;
			children = (
				FCCD6278189B7B54003DC987 /* NSDictionary_JSONPointerTests.m */,
				FCCD6273189B7B54003DC987 /* Supporting Files */,
			);
			path = "NSDictionary+JSONPointerTests";
			sourceTree = "<group>";
		};
		FCCD6273189B7B54003DC987 /* Supporting Files */ = {
			isa = PBXGroup;
			children = (
				FCCD6274189B7B54003DC987 /* NSDictionary+JSONPointerTests-Info.plist */,
				FCCD6275189B7B54003DC987 /* InfoPlist.strings */,
			);
			name = "Supporting Files";
			sourceTree = "<group>";
		};
/* End PBXGroup section */

/* Begin PBXNativeTarget section */
		FCCD624F189B7B54003DC987 /* NSDictionary+JSONPointer */ = {
			isa = PBXNativeTarget;
			buildConfigurationList = FCCD627C189B7B54003DC987 /* Build configuration list for PBXNativeTarget "NSDictionary+JSONPointer" */;
			buildPhases = (
				FCCD624C189B7B54003DC987 /* Sources */,
				FCCD624D189B7B54003DC987 /* Frameworks */,
				FCCD624E189B7B54003DC987 /* Resources */,
			);
			buildRules = (
			);
			dependencies = (
			);
			name = "NSDictionary+JSONPointer";
			productName = "NSDictionary+JSONPointer";
			productReference = FCCD6250189B7B54003DC987 /* NSDictionary+JSONPointer.app */;
			productType = "com.apple.product-type.application";
		};
		FCCD626A189B7B54003DC987 /* NSDictionary+JSONPointerTests */ = {
			isa = PBXNativeTarget;
			buildConfigurationList = FCCD627F189B7B54003DC987 /* Build configuration list for PBXNativeTarget "NSDictionary+JSONPointerTests" */;
			buildPhases = (
				FCCD6267189B7B54003DC987 /* Sources */,
				FCCD6268189B7B54003DC987 /* Frameworks */,
				FCCD6269189B7B54003DC987 /* Resources */,
			);
			buildRules = (
			);
			dependencies = (
				FCCD6271189B7B54003DC987 /* PBXTargetDependency */,
			);
			name = "NSDictionary+JSONPointerTests";
			productName = "NSDictionary+JSONPointerTests";
			productReference = FCCD626B189B7B54003DC987 /* NSDictionary+JSONPointerTests.xctest */;
			productType = "com.apple.product-type.bundle.unit-test";
		};
/* End PBXNativeTarget section */

/* Begin PBXProject section */
		FCCD6248189B7B54003DC987 /* Project object */ = {
			isa = PBXProject;
			attributes = {
				CLASSPREFIX = cw;
				LastUpgradeCheck = 0500;
				ORGANIZATIONNAME = "Jonathan Dring";
				TargetAttributes = {
					FCCD626A189B7B54003DC987 = {
						TestTargetID = FCCD624F189B7B54003DC987;
					};
				};
			};
			buildConfigurationList = FCCD624B189B7B54003DC987 /* Build configuration list for PBXProject "NSDictionary+JSONPointer" */;
			compatibilityVersion = "Xcode 3.2";
			developmentRegion = English;
			hasScannedForEncodings = 0;
			knownRegions = (
				en,
			);
			mainGroup = FCCD6247189B7B54003DC987;
			productRefGroup = FCCD6251189B7B54003DC987 /* Products */;
			projectDirPath = "";
			projectRoot = "";
			targets = (
				FCCD624F189B7B54003DC987 /* NSDictionary+JSONPointer */,
				FCCD626A189B7B54003DC987 /* NSDictionary+JSONPointerTests */,
			);
		};
/* End PBXProject section */

/* Begin PBXResourcesBuildPhase section */
		FCCD624E189B7B54003DC987 /* Resources */ = {
			isa = PBXResourcesBuildPhase;
			buildActionMask = 2147483647;
			files = (
				FCCD625E189B7B54003DC987 /* InfoPlist.strings in Resources */,
				FCCD6266189B7B54003DC987 /* Images.xcassets in Resources */,
			);
			runOnlyForDeploymentPostprocessing = 0;
		};
		FCCD6269189B7B54003DC987 /* Resources */ = {
			isa = PBXResourcesBuildPhase;
			buildActionMask = 2147483647;
			files = (
				FCCD6277189B7B54003DC987 /* InfoPlist.strings in Resources */,
			);
			runOnlyForDeploymentPostprocessing = 0;
		};
/* End PBXResourcesBuildPhase section */

/* Begin PBXSourcesBuildPhase section */
		FCCD624C189B7B54003DC987 /* Sources */ = {
			isa = PBXSourcesBuildPhase;
			buildActionMask = 2147483647;
			files = (
				FCCD6264189B7B54003DC987 /* cwAppDelegate.m in Sources */,
				FCCD6260189B7B54003DC987 /* main.m in Sources */,
			);
			runOnlyForDeploymentPostprocessing = 0;
		};
		FCCD6267189B7B54003DC987 /* Sources */ = {
			isa = PBXSourcesBuildPhase;
			buildActionMask = 2147483647;
			files = (
				FCCD6279189B7B54003DC987 /* NSDictionary_JSONPointerTests.m in Sources */,
			);
			runOnlyForDeploymentPostprocessing = 0;
		};
/* End PBXSourcesBuildPhase section */

/* Begin PBXTargetDependency section */
		FCCD6271189B7B54003DC987 /* PBXTargetDependency */ = {
			isa = PBXTargetDependency;
			target = FCCD624F189B7B54003DC987 /* NSDictionary+JSONPointer */;
			targetProxy = FCCD6270189B7B54003DC987 /* PBXContainerItemProxy */;
		};
/* End PBXTargetDependency section */

/* Begin PBXVariantGroup section */
		FCCD625C189B7B54003DC987 /* InfoPlist.strings */ = {
			isa = PBXVariantGroup;
			children = (
				FCCD625D189B7B54003DC987 /* en */,
			);
			name = InfoPlist.strings;
			sourceTree = "<group>";
		};
		FCCD6275189B7B54003DC987 /* InfoPlist.strings */ = {
			isa = PBXVariantGroup;
			children = (
				FCCD6276189B7B54003DC987 /* en */,
			);
			name = InfoPlist.strings;
			sourceTree = "<group>";
		};
/* End PBXVariantGroup section */

/* Begin XCBuildConfiguration section */
		FCCD627A189B7B54003DC987 /* Debug */ = {
			isa = XCBuildConfiguration;
			buildSettings = {
				ALWAYS_SEARCH_USER_PATHS = NO;
				ARCHS = "$(ARCHS_STANDARD_INCLUDING_64_BIT)";
				CLANG_CXX_LANGUAGE_STANDARD = "gnu++0x";
				CLANG_CXX_LIBRARY = "libc++";
				CLANG_ENABLE_MODULES = YES;
				CLANG_ENABLE_OBJC_ARC = YES;
				CLANG_WARN_BOOL_CONVERSION = YES;
				CLANG_WARN_CONSTANT_CONVERSION = YES;
				CLANG_WARN_DIRECT_OBJC_ISA_USAGE = YES_ERROR;
				CLANG_WARN_EMPTY_BODY = YES;
				CLANG_WARN_ENUM_CONVERSION = YES;
				CLANG_WARN_INT_CONVERSION = YES;
				CLANG_WARN_OBJC_ROOT_CLASS = YES_ERROR;
				CLANG_WARN__DUPLICATE_METHOD_MATCH = YES;
				"CODE_SIGN_IDENTITY[sdk=iphoneos*]" = "iPhone Developer";
				COPY_PHASE_STRIP = NO;
				GCC_C_LANGUAGE_STANDARD = gnu99;
				GCC_DYNAMIC_NO_PIC = NO;
				GCC_OPTIMIZATION_LEVEL = 0;
				GCC_PREPROCESSOR_DEFINITIONS = (
					"DEBUG=1",
					"$(inherited)",
				);
				GCC_SYMBOLS_PRIVATE_EXTERN = NO;
				GCC_WARN_64_TO_32_BIT_CONVERSION = YES;
				GCC_WARN_ABOUT_RETURN_TYPE = YES_ERROR;
				GCC_WARN_UNDECLARED_SELECTOR = YES;
				GCC_WARN_UNINITIALIZED_AUTOS = YES;
				GCC_WARN_UNUSED_FUNCTION = YES;
				GCC_WARN_UNUSED_VARIABLE = YES;
				IPHONEOS_DEPLOYMENT_TARGET = 7.0;
				ONLY_ACTIVE_ARCH = YES;
				SDKROOT = iphoneos;
				TARGETED_DEVICE_FAMILY = "1,2";
			};
			name = Debug;
		};
		FCCD627B189B7B54003DC987 /* Release */ = {
			isa = XCBuildConfiguration;
			buildSettings = {
				ALWAYS_SEARCH_USER_PATHS = NO;
				ARCHS = "$(ARCHS_STANDARD_INCLUDING_64_BIT)";
				CLANG_CXX_LANGUAGE_STANDARD = "gnu++0x";
				CLANG_CXX_LIBRARY = "libc++";
				CLANG_ENABLE_MODULES = YES;
				CLANG_ENABLE_OBJC_ARC = YES;
				CLANG_WARN_BOOL_CONVERSION = YES;
				CLANG_WARN_CONSTANT_CONVERSION = YES;
				CLANG_WARN_DIRECT_OBJC_ISA_USAGE = YES_ERROR;
				CLANG_WARN_EMPTY_BODY = YES;
				CLANG_WARN_ENUM_CONVERSION = YES;
				CLANG_WARN_INT_CONVERSION = YES;
				CLANG_WARN_OBJC_ROOT_CLASS = YES_ERROR;
				CLANG_WARN__DUPLICATE_METHOD_MATCH = YES;
				"CODE_SIGN_IDENTITY[sdk=iphoneos*]" = "iPhone Developer";
				COPY_PHASE_STRIP = YES;
				ENABLE_NS_ASSERTIONS = NO;
				GCC_C_LANGUAGE_STANDARD = gnu99;
				GCC_WARN_64_TO_32_BIT_CONVERSION = YES;
				GCC_WARN_ABOUT_RETURN_TYPE = YES_ERROR;
				GCC_WARN_UNDECLARED_SELECTOR = YES;
				GCC_WARN_UNINITIALIZED_AUTOS = YES;
				GCC_WARN_UNUSED_FUNCTION = YES;
				GCC_WARN_UNUSED_VARIABLE = YES;
				IPHONEOS_DEPLOYMENT_TARGET = 7.0;
				SDKROOT = iphoneos;
				TARGETED_DEVICE_FAMILY = "1,2";
				VALIDATE_PRODUCT = YES;
			};
			name = Release;
		};
		FCCD627D189B7B54003DC987 /* Debug */ = {
			isa = XCBuildConfiguration;
			buildSettings = {
				ASSETCATALOG_COMPILER_APPICON_NAME = AppIcon;
				ASSETCATALOG_COMPILER_LAUNCHIMAGE_NAME = LaunchImage;
				GCC_PRECOMPILE_PREFIX_HEADER = YES;
				GCC_PREFIX_HEADER = "NSDictionary+JSONPointer/NSDictionary+JSONPointer-Prefix.pch";
				INFOPLIST_FILE = "NSDictionary+JSONPointer/NSDictionary+JSONPointer-Info.plist";
				PRODUCT_NAME = "$(TARGET_NAME)";
				WRAPPER_EXTENSION = app;
			};
			name = Debug;
		};
		FCCD627E189B7B54003DC987 /* Release */ = {
			isa = XCBuildConfiguration;
			buildSettings = {
				ASSETCATALOG_COMPILER_APPICON_NAME = AppIcon;
				ASSETCATALOG_COMPILER_LAUNCHIMAGE_NAME = LaunchImage;
				GCC_PRECOMPILE_PREFIX_HEADER = YES;
				GCC_PREFIX_HEADER = "NSDictionary+JSONPointer/NSDictionary+JSONPointer-Prefix.pch";
				INFOPLIST_FILE = "NSDictionary+JSONPointer/NSDictionary+JSONPointer-Info.plist";
				PRODUCT_NAME = "$(TARGET_NAME)";
				WRAPPER_EXTENSION = app;
			};
			name = Release;
		};
		FCCD6280189B7B54003DC987 /* Debug */ = {
			isa = XCBuildConfiguration;
			buildSettings = {
				ARCHS = "$(ARCHS_STANDARD_INCLUDING_64_BIT)";
				BUNDLE_LOADER = "$(BUILT_PRODUCTS_DIR)/NSDictionary+JSONPointer.app/NSDictionary+JSONPointer";
				FRAMEWORK_SEARCH_PATHS = (
					"$(SDKROOT)/Developer/Library/Frameworks",
					"$(inherited)",
					"$(DEVELOPER_FRAMEWORKS_DIR)",
				);
				GCC_PRECOMPILE_PREFIX_HEADER = YES;
				GCC_PREFIX_HEADER = "NSDictionary+JSONPointer/NSDictionary+JSONPointer-Prefix.pch";
				GCC_PREPROCESSOR_DEFINITIONS = (
					"DEBUG=1",
					"$(inherited)",
				);
				INFOPLIST_FILE = "NSDictionary+JSONPointerTests/NSDictionary+JSONPointerTests-Info.plist";
				PRODUCT_NAME = "$(TARGET_NAME)";
				TEST_HOST = "$(BUNDLE_LOADER)";
				WRAPPER_EXTENSION = xctest;
			};
			name = Debug;
		};
		FCCD6281189B7B54003DC987 /* Release */ = {
			isa = XCBuildConfiguration;
			buildSettings = {
				ARCHS = "$(ARCHS_STANDARD_INCLUDING_64_BIT)";
				BUNDLE_LOADER = "$(BUILT_PRODUCTS_DIR)/NSDictionary+JSONPointer.app/NSDictionary+JSONPointer";
				FRAMEWORK_SEARCH_PATHS = (
					"$(SDKROOT)/Developer/Library/Frameworks",
					"$(inherited)",
					"$(DEVELOPER_FRAMEWORKS_DIR)",
				);
				GCC_PRECOMPILE_PREFIX_HEADER = YES;
				GCC_PREFIX_HEADER = "NSDictionary+JSONPointer/NSDictionary+JSONPointer-Prefix.pch";
				INFOPLIST_FILE = "NSDictionary+JSONPointerTests/NSDictionary+JSONPointerTests-Info.plist";
				PRODUCT_NAME = "$(TARGET_NAME)";
				TEST_HOST = "$(BUNDLE_LOADER)";
				WRAPPER_EXTENSION = xctest;
			};
			name = Release;
		};
/* End XCBuildConfiguration section */

/* Begin XCConfigurationList section */
		FCCD624B189B7B54003DC987 /* Build configuration list for PBXProject "NSDictionary+JSONPointer" */ = {
			isa = XCConfigurationList;
			buildConfigurations = (
				FCCD627A189B7B54003DC987 /* Debug */,
				FCCD627B189B7B54003DC987 /* Release */,
			);
			defaultConfigurationIsVisible = 0;
			defaultConfigurationName = Release;
		};
		FCCD627C189B7B54003DC987 /* Build configuration list for PBXNativeTarget "NSDictionary+JSONPointer" */ = {
			isa = XCConfigurationList;
			buildConfigurations = (
				FCCD627D189B7B54003DC987 /* Debug */,
				FCCD627E189B7B54003DC987 /* Release */,
			);
			defaultConfigurationIsVisible = 0;
		};
		FCCD627F189B7B54003DC987 /* Build configuration list for PBXNativeTarget "NSDictionary+JSONPointerTests" */ = {
			isa = XCConfigurationList;
			buildConfigurations = (
				FCCD6280189B7B54003DC987 /* Debug */,
				FCCD6281189B7B54003DC987 /* Release */,
			);
			defaultConfigurationIsVisible = 0;
		};
/* End XCConfigurationList section */
	};
	rootObject = FCCD6248189B7B54003DC987 /* Project object */;
}
